
Microsoft Visual Studio Solution File, Format Version 12.00
# Visual Studio Version 17
VisualStudioVersion = 17.0.31903.59
MinimumVisualStudioVersion = 10.0.40219.1
Project("{2150E333-8FDC-42A3-9474-1A3956D46DE8}") = "src", "src", "{827E0CD3-B72D-47B6-A68D-7590B98EB39B}"
EndProject
Project("{FAE04EC0-301F-11D3-BF4B-00C04F79EFBC}") = "ClimaSite.Core", "src\ClimaSite.Core\ClimaSite.Core.csproj", "{66F2CE03-3EF1-4686-A49E-1DDF335E5290}"
EndProject
Project("{FAE04EC0-301F-11D3-BF4B-00C04F79EFBC}") = "ClimaSite.Application", "src\ClimaSite.Application\ClimaSite.Application.csproj", "{E07F958E-06D5-4B8D-BA70-9309D8BD0151}"
EndProject
Project("{FAE04EC0-301F-11D3-BF4B-00C04F79EFBC}") = "ClimaSite.Infrastructure", "src\ClimaSite.Infrastructure\ClimaSite.Infrastructure.csproj", "{29387329-9EDA-4C5E-A254-63960EFFFC71}"
EndProject
Project("{FAE04EC0-301F-11D3-BF4B-00C04F79EFBC}") = "ClimaSite.Api", "src\ClimaSite.Api\ClimaSite.Api.csproj", "{10E9FC6C-DF5E-4DB0-81D7-486D5DB8C492}"
EndProject
Project("{2150E333-8FDC-42A3-9474-1A3956D46DE8}") = "tests", "tests", "{0AB3BF05-4346-4AA6-1389-037BE0695223}"
EndProject
Project("{FAE04EC0-301F-11D3-BF4B-00C04F79EFBC}") = "ClimaSite.Core.Tests", "tests\ClimaSite.Core.Tests\ClimaSite.Core.Tests.csproj", "{30471108-6908-47F6-BA0F-3DCF7E6610FD}"
EndProject
Project("{FAE04EC0-301F-11D3-BF4B-00C04F79EFBC}") = "ClimaSite.Api.Tests", "tests\ClimaSite.Api.Tests\ClimaSite.Api.Tests.csproj", "{DCB07628-7C40-4E72-8543-B5FBD4DBC07D}"
EndProject
Project("{FAE04EC0-301F-11D3-BF4B-00C04F79EFBC}") = "ClimaSite.E2E", "tests\ClimaSite.E2E\ClimaSite.E2E.csproj", "{01B9A674-F25E-481F-AA68-B919E9B57BFD}"
EndProject
Global
	GlobalSection(SolutionConfigurationPlatforms) = preSolution
		Debug|Any CPU = Debug|Any CPU
		Debug|x64 = Debug|x64
		Debug|x86 = Debug|x86
		Release|Any CPU = Release|Any CPU
		Release|x64 = Release|x64
		Release|x86 = Release|x86
	EndGlobalSection
	GlobalSection(ProjectConfigurationPlatforms) = postSolution
		{66F2CE03-3EF1-4686-A49E-1DDF335E5290}.Debug|Any CPU.ActiveCfg = Debug|Any CPU
		{66F2CE03-3EF1-4686-A49E-1DDF335E5290}.Debug|Any CPU.Build.0 = Debug|Any CPU
		{66F2CE03-3EF1-4686-A49E-1DDF335E5290}.Debug|x64.ActiveCfg = Debug|Any CPU
		{66F2CE03-3EF1-4686-A49E-1DDF335E5290}.Debug|x64.Build.0 = Debug|Any CPU
		{66F2CE03-3EF1-4686-A49E-1DDF335E5290}.Debug|x86.ActiveCfg = Debug|Any CPU
		{66F2CE03-3EF1-4686-A49E-1DDF335E5290}.Debug|x86.Build.0 = Debug|Any CPU
		{66F2CE03-3EF1-4686-A49E-1DDF335E5290}.Release|Any CPU.ActiveCfg = Release|Any CPU
		{66F2CE03-3EF1-4686-A49E-1DDF335E5290}.Release|Any CPU.Build.0 = Release|Any CPU
		{66F2CE03-3EF1-4686-A49E-1DDF335E5290}.Release|x64.ActiveCfg = Release|Any CPU
		{66F2CE03-3EF1-4686-A49E-1DDF335E5290}.Release|x64.Build.0 = Release|Any CPU
		{66F2CE03-3EF1-4686-A49E-1DDF335E5290}.Release|x86.ActiveCfg = Release|Any CPU
		{66F2CE03-3EF1-4686-A49E-1DDF335E5290}.Release|x86.Build.0 = Release|Any CPU
		{E07F958E-06D5-4B8D-BA70-9309D8BD0151}.Debug|Any CPU.ActiveCfg = Debug|Any CPU
		{E07F958E-06D5-4B8D-BA70-9309D8BD0151}.Debug|Any CPU.Build.0 = Debug|Any CPU
		{E07F958E-06D5-4B8D-BA70-9309D8BD0151}.Debug|x64.ActiveCfg = Debug|Any CPU
		{E07F958E-06D5-4B8D-BA70-9309D8BD0151}.Debug|x64.Build.0 = Debug|Any CPU
		{E07F958E-06D5-4B8D-BA70-9309D8BD0151}.Debug|x86.ActiveCfg = Debug|Any CPU
		{E07F958E-06D5-4B8D-BA70-9309D8BD0151}.Debug|x86.Build.0 = Debug|Any CPU
		{E07F958E-06D5-4B8D-BA70-9309D8BD0151}.Release|Any CPU.ActiveCfg = Release|Any CPU
		{E07F958E-06D5-4B8D-BA70-9309D8BD0151}.Release|Any CPU.Build.0 = Release|Any CPU
		{E07F958E-06D5-4B8D-BA70-9309D8BD0151}.Release|x64.ActiveCfg = Release|Any CPU
		{E07F958E-06D5-4B8D-BA70-9309D8BD0151}.Release|x64.Build.0 = Release|Any CPU
		{E07F958E-06D5-4B8D-BA70-9309D8BD0151}.Release|x86.ActiveCfg = Release|Any CPU
		{E07F958E-06D5-4B8D-BA70-9309D8BD0151}.Release|x86.Build.0 = Release|Any CPU
		{29387329-9EDA-4C5E-A254-63960EFFFC71}.Debug|Any CPU.ActiveCfg = Debug|Any CPU
		{29387329-9EDA-4C5E-A254-63960EFFFC71}.Debug|Any CPU.Build.0 = Debug|Any CPU
		{29387329-9EDA-4C5E-A254-63960EFFFC71}.Debug|x64.ActiveCfg = Debug|Any CPU
		{29387329-9EDA-4C5E-A254-63960EFFFC71}.Debug|x64.Build.0 = Debug|Any CPU
		{29387329-9EDA-4C5E-A254-63960EFFFC71}.Debug|x86.ActiveCfg = Debug|Any CPU
		{29387329-9EDA-4C5E-A254-63960EFFFC71}.Debug|x86.Build.0 = Debug|Any CPU
		{29387329-9EDA-4C5E-A254-63960EFFFC71}.Release|Any CPU.ActiveCfg = Release|Any CPU
		{29387329-9EDA-4C5E-A254-63960EFFFC71}.Release|Any CPU.Build.0 = Release|Any CPU
		{29387329-9EDA-4C5E-A254-63960EFFFC71}.Release|x64.ActiveCfg = Release|Any CPU
		{29387329-9EDA-4C5E-A254-63960EFFFC71}.Release|x64.Build.0 = Release|Any CPU
		{29387329-9EDA-4C5E-A254-63960EFFFC71}.Release|x86.ActiveCfg = Release|Any CPU
		{29387329-9EDA-4C5E-A254-63960EFFFC71}.Release|x86.Build.0 = Release|Any CPU
		{10E9FC6C-DF5E-4DB0-81D7-486D5DB8C492}.Debug|Any CPU.ActiveCfg = Debug|Any CPU
		{10E9FC6C-DF5E-4DB0-81D7-486D5DB8C492}.Debug|Any CPU.Build.0 = Debug|Any CPU
		{10E9FC6C-DF5E-4DB0-81D7-486D5DB8C492}.Debug|x64.ActiveCfg = Debug|Any CPU
		{10E9FC6C-DF5E-4DB0-81D7-486D5DB8C492}.Debug|x64.Build.0 = Debug|Any CPU
		{10E9FC6C-DF5E-4DB0-81D7-486D5DB8C492}.Debug|x86.ActiveCfg = Debug|Any CPU
		{10E9FC6C-DF5E-4DB0-81D7-486D5DB8C492}.Debug|x86.Build.0 = Debug|Any CPU
		{10E9FC6C-DF5E-4DB0-81D7-486D5DB8C492}.Release|Any CPU.ActiveCfg = Release|Any CPU
		{10E9FC6C-DF5E-4DB0-81D7-486D5DB8C492}.Release|Any CPU.Build.0 = Release|Any CPU
		{10E9FC6C-DF5E-4DB0-81D7-486D5DB8C492}.Release|x64.ActiveCfg = Release|Any CPU
		{10E9FC6C-DF5E-4DB0-81D7-486D5DB8C492}.Release|x64.Build.0 = Release|Any CPU
		{10E9FC6C-DF5E-4DB0-81D7-486D5DB8C492}.Release|x86.ActiveCfg = Release|Any CPU
		{10E9FC6C-DF5E-4DB0-81D7-486D5DB8C492}.Release|x86.Build.0 = Release|Any CPU
		{30471108-6908-47F6-BA0F-3DCF7E6610FD}.Debug|Any CPU.ActiveCfg = Debug|Any CPU
		{30471108-6908-47F6-BA0F-3DCF7E6610FD}.Debug|Any CPU.Build.0 = Debug|Any CPU
		{30471108-6908-47F6-BA0F-3DCF7E6610FD}.Debug|x64.ActiveCfg = Debug|Any CPU
		{30471108-6908-47F6-BA0F-3DCF7E6610FD}.Debug|x64.Build.0 = Debug|Any CPU
		{30471108-6908-47F6-BA0F-3DCF7E6610FD}.Debug|x86.ActiveCfg = Debug|Any CPU
		{30471108-6908-47F6-BA0F-3DCF7E6610FD}.Debug|x86.Build.0 = Debug|Any CPU
		{30471108-6908-47F6-BA0F-3DCF7E6610FD}.Release|Any CPU.ActiveCfg = Release|Any CPU
		{30471108-6908-47F6-BA0F-3DCF7E6610FD}.Release|Any CPU.Build.0 = Release|Any CPU
		{30471108-6908-47F6-BA0F-3DCF7E6610FD}.Release|x64.ActiveCfg = Release|Any CPU
		{30471108-6908-47F6-BA0F-3DCF7E6610FD}.Release|x64.Build.0 = Release|Any CPU
		{30471108-6908-47F6-BA0F-3DCF7E6610FD}.Release|x86.ActiveCfg = Release|Any CPU
		{30471108-6908-47F6-BA0F-3DCF7E6610FD}.Release|x86.Build.0 = Release|Any CPU
		{DCB07628-7C40-4E72-8543-B5FBD4DBC07D}.Debug|Any CPU.ActiveCfg = Debug|Any CPU
		{DCB07628-7C40-4E72-8543-B5FBD4DBC07D}.Debug|Any CPU.Build.0 = Debug|Any CPU
		{DCB07628-7C40-4E72-8543-B5FBD4DBC07D}.Debug|x64.ActiveCfg = Debug|Any CPU
		{DCB07628-7C40-4E72-8543-B5FBD4DBC07D}.Debug|x64.Build.0 = Debug|Any CPU
		{DCB07628-7C40-4E72-8543-B5FBD4DBC07D}.Debug|x86.ActiveCfg = Debug|Any CPU
		{DCB07628-7C40-4E72-8543-B5FBD4DBC07D}.Debug|x86.Build.0 = Debug|Any CPU
		{DCB07628-7C40-4E72-8543-B5FBD4DBC07D}.Release|Any CPU.ActiveCfg = Release|Any CPU
		{DCB07628-7C40-4E72-8543-B5FBD4DBC07D}.Release|Any CPU.Build.0 = Release|Any CPU
		{DCB07628-7C40-4E72-8543-B5FBD4DBC07D}.Release|x64.ActiveCfg = Release|Any CPU
		{DCB07628-7C40-4E72-8543-B5FBD4DBC07D}.Release|x64.Build.0 = Release|Any CPU
		{DCB07628-7C40-4E72-8543-B5FBD4DBC07D}.Release|x86.ActiveCfg = Release|Any CPU
		{DCB07628-7C40-4E72-8543-B5FBD4DBC07D}.Release|x86.Build.0 = Release|Any CPU
		{01B9A674-F25E-481F-AA68-B919E9B57BFD}.Debug|Any CPU.ActiveCfg = Debug|Any CPU
		{01B9A674-F25E-481F-AA68-B919E9B57BFD}.Debug|Any CPU.Build.0 = Debug|Any CPU
		{01B9A674-F25E-481F-AA68-B919E9B57BFD}.Debug|x64.ActiveCfg = Debug|Any CPU
		{01B9A674-F25E-481F-AA68-B919E9B57BFD}.Debug|x64.Build.0 = Debug|Any CPU
		{01B9A674-F25E-481F-AA68-B919E9B57BFD}.Debug|x86.ActiveCfg = Debug|Any CPU
		{01B9A674-F25E-481F-AA68-B919E9B57BFD}.Debug|x86.Build.0 = Debug|Any CPU
		{01B9A674-F25E-481F-AA68-B919E9B57BFD}.Release|Any CPU.ActiveCfg = Release|Any CPU
		{01B9A674-F25E-481F-AA68-B919E9B57BFD}.Release|Any CPU.Build.0 = Release|Any CPU
		{01B9A674-F25E-481F-AA68-B919E9B57BFD}.Release|x64.ActiveCfg = Release|Any CPU
		{01B9A674-F25E-481F-AA68-B919E9B57BFD}.Release|x64.Build.0 = Release|Any CPU
		{01B9A674-F25E-481F-AA68-B919E9B57BFD}.Release|x86.ActiveCfg = Release|Any CPU
		{01B9A674-F25E-481F-AA68-B919E9B57BFD}.Release|x86.Build.0 = Release|Any CPU
	EndGlobalSection
	GlobalSection(SolutionProperties) = preSolution
		HideSolutionNode = FALSE
	EndGlobalSection
	GlobalSection(NestedProjects) = preSolution
		{66F2CE03-3EF1-4686-A49E-1DDF335E5290} = {827E0CD3-B72D-47B6-A68D-7590B98EB39B}
		{E07F958E-06D5-4B8D-BA70-9309D8BD0151} = {827E0CD3-B72D-47B6-A68D-7590B98EB39B}
		{29387329-9EDA-4C5E-A254-63960EFFFC71} = {827E0CD3-B72D-47B6-A68D-7590B98EB39B}
		{10E9FC6C-DF5E-4DB0-81D7-486D5DB8C492} = {827E0CD3-B72D-47B6-A68D-7590B98EB39B}
		{30471108-6908-47F6-BA0F-3DCF7E6610FD} = {0AB3BF05-4346-4AA6-1389-037BE0695223}
		{DCB07628-7C40-4E72-8543-B5FBD4DBC07D} = {0AB3BF05-4346-4AA6-1389-037BE0695223}
		{01B9A674-F25E-481F-AA68-B919E9B57BFD} = {0AB3BF05-4346-4AA6-1389-037BE0695223}
	EndGlobalSection
EndGlobal
